<?xml version="1.0" encoding="utf-8"?>
<Project ToolsVersion="17.0" xmlns="http://schemas.microsoft.com/developer/msbuild/2003">
  <ItemGroup>
    <ClCompile Include="C:\Users\ehgam\Documents\Vulkan-Portfolio\examples\Basic_Window\Basic_Window.cpp">
      <Filter>Source Files</Filter>
    </ClCompile>
  </ItemGroup>
  <ItemGroup>
    <CustomBuild Include="C:\Users\ehgam\Documents\Vulkan-Portfolio\CMakeLists.txt" />
  </ItemGroup>
  <ItemGroup>
    <Filter Include="Source Files">
      <UniqueIdentifier>{E4E9F31E-BC57-3364-9629-7AF71C0CDAD2}</UniqueIdentifier>
    </Filter>
  </ItemGroup>
</Project>
